
Microsoft Visual Studio Solution File, Format Version 12.00
# Visual Studio 14
VisualStudioVersion = 14.0.23107.0
MinimumVisualStudioVersion = 10.0.40219.1
Project("{FAE04EC0-301F-11D3-BF4B-00C04F79EFBC}") = "Procos.DataGrid", "Procos.DataGrid\Procos.DataGrid\Procos.DataGrid.csproj", "{B68F97C3-93C3-4736-97C3-55A86F6F0401}"
EndProject
Project("{FAE04EC0-301F-11D3-BF4B-00C04F79EFBC}") = "Procos.DataGrid.iOS", "Procos.DataGrid\Procos.DataGrid.iOS\Procos.DataGrid.iOS.csproj", "{B88AECCD-D3B1-422D-AD99-991A412E2D03}"
EndProject
Project("{FAE04EC0-301F-11D3-BF4B-00C04F79EFBC}") = "Procos.DataGrid.Droid", "Procos.DataGrid\Procos.DataGrid.Droid\Procos.DataGrid.Droid.csproj", "{7871F060-A564-48F7-8382-C8E140AE7F73}"
EndProject
Global
	GlobalSection(SolutionConfigurationPlatforms) = preSolution
		Ad-Hoc|Any CPU = Ad-Hoc|Any CPU
		Ad-Hoc|iPhone = Ad-Hoc|iPhone
		Ad-Hoc|iPhoneSimulator = Ad-Hoc|iPhoneSimulator
		AppStore|Any CPU = AppStore|Any CPU
		AppStore|iPhone = AppStore|iPhone
		AppStore|iPhoneSimulator = AppStore|iPhoneSimulator
		Debug|Any CPU = Debug|Any CPU
		Debug|iPhone = Debug|iPhone
		Debug|iPhoneSimulator = Debug|iPhoneSimulator
		Release|Any CPU = Release|Any CPU
		Release|iPhone = Release|iPhone
		Release|iPhoneSimulator = Release|iPhoneSimulator
	EndGlobalSection
	GlobalSection(ProjectConfigurationPlatforms) = postSolution
		{B68F97C3-93C3-4736-97C3-55A86F6F0401}.Ad-Hoc|Any CPU.ActiveCfg = Release|Any CPU
		{B68F97C3-93C3-4736-97C3-55A86F6F0401}.Ad-Hoc|Any CPU.Build.0 = Release|Any CPU
		{B68F97C3-93C3-4736-97C3-55A86F6F0401}.Ad-Hoc|iPhone.ActiveCfg = Release|Any CPU
		{B68F97C3-93C3-4736-97C3-55A86F6F0401}.Ad-Hoc|iPhone.Build.0 = Release|Any CPU
		{B68F97C3-93C3-4736-97C3-55A86F6F0401}.Ad-Hoc|iPhoneSimulator.ActiveCfg = Release|Any CPU
		{B68F97C3-93C3-4736-97C3-55A86F6F0401}.Ad-Hoc|iPhoneSimulator.Build.0 = Release|Any CPU
		{B68F97C3-93C3-4736-97C3-55A86F6F0401}.AppStore|Any CPU.ActiveCfg = Release|Any CPU
		{B68F97C3-93C3-4736-97C3-55A86F6F0401}.AppStore|Any CPU.Build.0 = Release|Any CPU
		{B68F97C3-93C3-4736-97C3-55A86F6F0401}.AppStore|iPhone.ActiveCfg = Release|Any CPU
		{B68F97C3-93C3-4736-97C3-55A86F6F0401}.AppStore|iPhone.Build.0 = Release|Any CPU
		{B68F97C3-93C3-4736-97C3-55A86F6F0401}.AppStore|iPhoneSimulator.ActiveCfg = Release|Any CPU
		{B68F97C3-93C3-4736-97C3-55A86F6F0401}.AppStore|iPhoneSimulator.Build.0 = Release|Any CPU
		{B68F97C3-93C3-4736-97C3-55A86F6F0401}.Debug|Any CPU.ActiveCfg = Debug|Any CPU
		{B68F97C3-93C3-4736-97C3-55A86F6F0401}.Debug|Any CPU.Build.0 = Debug|Any CPU
		{B68F97C3-93C3-4736-97C3-55A86F6F0401}.Debug|iPhone.ActiveCfg = Debug|Any CPU
		{B68F97C3-93C3-4736-97C3-55A86F6F0401}.Debug|iPhone.Build.0 = Debug|Any CPU
		{B68F97C3-93C3-4736-97C3-55A86F6F0401}.Debug|iPhoneSimulator.ActiveCfg = Debug|Any CPU
		{B68F97C3-93C3-4736-97C3-55A86F6F0401}.Debug|iPhoneSimulator.Build.0 = Debug|Any CPU
		{B68F97C3-93C3-4736-97C3-55A86F6F0401}.Release|Any CPU.ActiveCfg = Release|Any CPU
		{B68F97C3-93C3-4736-97C3-55A86F6F0401}.Release|Any CPU.Build.0 = Release|Any CPU
		{B68F97C3-93C3-4736-97C3-55A86F6F0401}.Release|iPhone.ActiveCfg = Release|Any CPU
		{B68F97C3-93C3-4736-97C3-55A86F6F0401}.Release|iPhone.Build.0 = Release|Any CPU
		{B68F97C3-93C3-4736-97C3-55A86F6F0401}.Release|iPhoneSimulator.ActiveCfg = Release|Any CPU
		{B68F97C3-93C3-4736-97C3-55A86F6F0401}.Release|iPhoneSimulator.Build.0 = Release|Any CPU
		{B88AECCD-D3B1-422D-AD99-991A412E2D03}.Ad-Hoc|Any CPU.ActiveCfg = Ad-Hoc|iPhone
		{B88AECCD-D3B1-422D-AD99-991A412E2D03}.Ad-Hoc|iPhone.ActiveCfg = Ad-Hoc|iPhone
		{B88AECCD-D3B1-422D-AD99-991A412E2D03}.Ad-Hoc|iPhone.Build.0 = Ad-Hoc|iPhone
		{B88AECCD-D3B1-422D-AD99-991A412E2D03}.Ad-Hoc|iPhoneSimulator.ActiveCfg = Ad-Hoc|iPhoneSimulator
		{B88AECCD-D3B1-422D-AD99-991A412E2D03}.Ad-Hoc|iPhoneSimulator.Build.0 = Ad-Hoc|iPhoneSimulator
		{B88AECCD-D3B1-422D-AD99-991A412E2D03}.AppStore|Any CPU.ActiveCfg = AppStore|iPhone
		{B88AECCD-D3B1-422D-AD99-991A412E2D03}.AppStore|iPhone.ActiveCfg = AppStore|iPhone
		{B88AECCD-D3B1-422D-AD99-991A412E2D03}.AppStore|iPhone.Build.0 = AppStore|iPhone
		{B88AECCD-D3B1-422D-AD99-991A412E2D03}.AppStore|iPhoneSimulator.ActiveCfg = AppStore|iPhoneSimulator
		{B88AECCD-D3B1-422D-AD99-991A412E2D03}.AppStore|iPhoneSimulator.Build.0 = AppStore|iPhoneSimulator
		{B88AECCD-D3B1-422D-AD99-991A412E2D03}.Debug|Any CPU.ActiveCfg = Debug|iPhone
		{B88AECCD-D3B1-422D-AD99-991A412E2D03}.Debug|iPhone.ActiveCfg = Debug|iPhone
		{B88AECCD-D3B1-422D-AD99-991A412E2D03}.Debug|iPhone.Build.0 = Debug|iPhone
		{B88AECCD-D3B1-422D-AD99-991A412E2D03}.Debug|iPhoneSimulator.ActiveCfg = Debug|iPhoneSimulator
		{B88AECCD-D3B1-422D-AD99-991A412E2D03}.Debug|iPhoneSimulator.Build.0 = Debug|iPhoneSimulator
		{B88AECCD-D3B1-422D-AD99-991A412E2D03}.Release|Any CPU.ActiveCfg = Release|iPhone
		{B88AECCD-D3B1-422D-AD99-991A412E2D03}.Release|iPhone.ActiveCfg = Release|iPhone
		{B88AECCD-D3B1-422D-AD99-991A412E2D03}.Release|iPhone.Build.0 = Release|iPhone
		{B88AECCD-D3B1-422D-AD99-991A412E2D03}.Release|iPhoneSimulator.ActiveCfg = Release|iPhoneSimulator
		{B88AECCD-D3B1-422D-AD99-991A412E2D03}.Release|iPhoneSimulator.Build.0 = Release|iPhoneSimulator
		{7871F060-A564-48F7-8382-C8E140AE7F73}.Ad-Hoc|Any CPU.ActiveCfg = Release|Any CPU
		{7871F060-A564-48F7-8382-C8E140AE7F73}.Ad-Hoc|Any CPU.Build.0 = Release|Any CPU
		{7871F060-A564-48F7-8382-C8E140AE7F73}.Ad-Hoc|Any CPU.Deploy.0 = Release|Any CPU
		{7871F060-A564-48F7-8382-C8E140AE7F73}.Ad-Hoc|iPhone.ActiveCfg = Release|Any CPU
		{7871F060-A564-48F7-8382-C8E140AE7F73}.Ad-Hoc|iPhone.Build.0 = Release|Any CPU
		{7871F060-A564-48F7-8382-C8E140AE7F73}.Ad-Hoc|iPhone.Deploy.0 = Release|Any CPU
		{7871F060-A564-48F7-8382-C8E140AE7F73}.Ad-Hoc|iPhoneSimulator.ActiveCfg = Release|Any CPU
		{7871F060-A564-48F7-8382-C8E140AE7F73}.Ad-Hoc|iPhoneSimulator.Build.0 = Release|Any CPU
		{7871F060-A564-48F7-8382-C8E140AE7F73}.Ad-Hoc|iPhoneSimulator.Deploy.0 = Release|Any CPU
		{7871F060-A564-48F7-8382-C8E140AE7F73}.AppStore|Any CPU.ActiveCfg = Release|Any CPU
		{7871F060-A564-48F7-8382-C8E140AE7F73}.AppStore|Any CPU.Build.0 = Release|Any CPU
		{7871F060-A564-48F7-8382-C8E140AE7F73}.AppStore|Any CPU.Deploy.0 = Release|Any CPU
		{7871F060-A564-48F7-8382-C8E140AE7F73}.AppStore|iPhone.ActiveCfg = Release|Any CPU
		{7871F060-A564-48F7-8382-C8E140AE7F73}.AppStore|iPhone.Build.0 = Release|Any CPU
		{7871F060-A564-48F7-8382-C8E140AE7F73}.AppStore|iPhone.Deploy.0 = Release|Any CPU
		{7871F060-A564-48F7-8382-C8E140AE7F73}.AppStore|iPhoneSimulator.ActiveCfg = Release|Any CPU
		{7871F060-A564-48F7-8382-C8E140AE7F73}.AppStore|iPhoneSimulator.Build.0 = Release|Any CPU
		{7871F060-A564-48F7-8382-C8E140AE7F73}.AppStore|iPhoneSimulator.Deploy.0 = Release|Any CPU
		{7871F060-A564-48F7-8382-C8E140AE7F73}.Debug|Any CPU.ActiveCfg = Debug|Any CPU
		{7871F060-A564-48F7-8382-C8E140AE7F73}.Debug|Any CPU.Build.0 = Debug|Any CPU
		{7871F060-A564-48F7-8382-C8E140AE7F73}.Debug|Any CPU.Deploy.0 = Debug|Any CPU
		{7871F060-A564-48F7-8382-C8E140AE7F73}.Debug|iPhone.ActiveCfg = Debug|Any CPU
		{7871F060-A564-48F7-8382-C8E140AE7F73}.Debug|iPhone.Build.0 = Debug|Any CPU
		{7871F060-A564-48F7-8382-C8E140AE7F73}.Debug|iPhone.Deploy.0 = Debug|Any CPU
		{7871F060-A564-48F7-8382-C8E140AE7F73}.Debug|iPhoneSimulator.ActiveCfg = Debug|Any CPU
		{7871F060-A564-48F7-8382-C8E140AE7F73}.Debug|iPhoneSimulator.Build.0 = Debug|Any CPU
		{7871F060-A564-48F7-8382-C8E140AE7F73}.Debug|iPhoneSimulator.Deploy.0 = Debug|Any CPU
		{7871F060-A564-48F7-8382-C8E140AE7F73}.Release|Any CPU.ActiveCfg = Release|Any CPU
		{7871F060-A564-48F7-8382-C8E140AE7F73}.Release|Any CPU.Build.0 = Release|Any CPU
		{7871F060-A564-48F7-8382-C8E140AE7F73}.Release|Any CPU.Deploy.0 = Release|Any CPU
		{7871F060-A564-48F7-8382-C8E140AE7F73}.Release|iPhone.ActiveCfg = Release|Any CPU
		{7871F060-A564-48F7-8382-C8E140AE7F73}.Release|iPhone.Build.0 = Release|Any CPU
		{7871F060-A564-48F7-8382-C8E140AE7F73}.Release|iPhone.Deploy.0 = Release|Any CPU
		{7871F060-A564-48F7-8382-C8E140AE7F73}.Release|iPhoneSimulator.ActiveCfg = Release|Any CPU
		{7871F060-A564-48F7-8382-C8E140AE7F73}.Release|iPhoneSimulator.Build.0 = Release|Any CPU
		{7871F060-A564-48F7-8382-C8E140AE7F73}.Release|iPhoneSimulator.Deploy.0 = Release|Any CPU
	EndGlobalSection
	GlobalSection(SolutionProperties) = preSolution
		HideSolutionNode = FALSE
	EndGlobalSection
EndGlobal
